{
  "name": "socket",
  "version": "0.0.1",
  "lockfileVersion": 1,
  "requires": true,
  "dependencies": {
    "async-limiter": {
      "version": "1.0.0",
      "resolved": "https://registry.npmjs.org/async-limiter/-/async-limiter-1.0.0.tgz",
      "integrity": "sha512-jp/uFnooOiO+L211eZOoSyzpOITMXx1rBITauYykG3BRYPu8h0UcxsPNB04RR5vo4Tyz3+ay17tR6JVf9qzYWg==",
      "dev": true
    },
    "net": {
      "version": "1.0.2",
      "resolved": "https://registry.npmjs.org/net/-/net-1.0.2.tgz",
      "integrity": "sha1-0XV+yaf7I3HYPPR1XOPifhCCk4g=",
      "dev": true
    },
    "pbjs": {
      "version": "0.0.5",
      "resolved": "https://registry.npmjs.org/pbjs/-/pbjs-0.0.5.tgz",
      "integrity": "sha1-tMiOFarEVSygkiqmTNUzjv00R78=",
      "dev": true,
      "requires": {
        "bytebuffer": "5.0.1",
        "commander": "2.9.0",
        "protocol-buffers-schema": "3.1.0"
      },
      "dependencies": {
        "bytebuffer": {
          "version": "5.0.1",
          "resolved": "https://registry.npmjs.org/bytebuffer/-/bytebuffer-5.0.1.tgz",
          "integrity": "sha1-WC7qSxqHO20CCkjVjfhfC7ps/d0=",
          "dev": true,
          "requires": {
            "long": "3.2.0"
          }
        },
        "commander": {
          "version": "2.9.0",
          "resolved": "https://registry.npmjs.org/commander/-/commander-2.9.0.tgz",
          "integrity": "sha1-nJkJQXbhIkDLItbFFGCYQA/g99Q=",
          "dev": true,
          "requires": {
            "graceful-readlink": "1.0.1"
          }
        },
        "graceful-readlink": {
          "version": "1.0.1",
          "resolved": "https://registry.npmjs.org/graceful-readlink/-/graceful-readlink-1.0.1.tgz",
          "integrity": "sha1-TK+tdrxi8C+gObL5Tpo906ORpyU=",
          "dev": true
        },
        "long": {
          "version": "3.2.0",
          "resolved": "https://registry.npmjs.org/long/-/long-3.2.0.tgz",
          "integrity": "sha1-2CG3E4yhy1gcFymQ7xTbIAtcR0s=",
          "dev": true
        },
        "protocol-buffers-schema": {
          "version": "3.1.0",
          "resolved": "https://registry.npmjs.org/protocol-buffers-schema/-/protocol-buffers-schema-3.1.0.tgz",
          "integrity": "sha1-2KgZVJ6tPmvRievp5Q6WY2u8XMc=",
          "dev": true
        }
      }
    },
    "ws": {
      "version": "5.1.0",
      "resolved": "https://registry.npmjs.org/ws/-/ws-5.1.0.tgz",
      "integrity": "sha512-7KU/qkUXtJW9aa5WRKlo0puE1ejEoAgDb0D/Pt+lWpTkKF7Kp+MqFOtwNFwnuiYeeDpFjp0qyMniE84OjKIEqQ==",
      "dev": true,
      "requires": {
        "async-limiter": "1.0.0"
      }
    }
  }
}
